{
  "version": 4,
  "terraform_version": "0.13.5",
  "serial": 3,
  "lineage": "89810e7c-8fb3-9fe3-e4ac-601141d73e58",
  "outputs": {},
  "resources": [
    {
      "mode": "data",
      "type": "aws_secretsmanager_secret",
      "name": "consul-token",
      "provider": "provider[\"registry.terraform.io/hashicorp/aws\"]",
      "instances": [
        {
          "schema_version": 0,
          "attributes": {
            "arn": "arn:aws:secretsmanager:us-east-1:948198185420:secret:consul-token-vn9WBV",
            "description": "",
            "id": "arn:aws:secretsmanager:us-east-1:948198185420:secret:consul-token-vn9WBV",
            "kms_key_id": "",
            "name": "consul-token",
            "policy": "",
            "rotation_enabled": false,
            "rotation_lambda_arn": "",
            "rotation_rules": [],
            "tags": {}
          }
        }
      ]
    },
    {
      "mode": "data",
      "type": "aws_secretsmanager_secret_version",
      "name": "current",
      "provider": "provider[\"registry.terraform.io/hashicorp/aws\"]",
      "instances": [
        {
          "schema_version": 0,
          "attributes": {
            "arn": "arn:aws:secretsmanager:us-east-1:948198185420:secret:consul-token-vn9WBV",
            "id": "arn:aws:secretsmanager:us-east-1:948198185420:secret:consul-token-vn9WBV|AWSCURRENT",
            "secret_binary": "",
            "secret_id": "arn:aws:secretsmanager:us-east-1:948198185420:secret:consul-token-vn9WBV",
            "secret_string": "f532c30c-48f6-1758-0a20-9359bda68120",
            "version_id": "e5b482c2-0c72-4b2f-8363-9d12783c9002",
            "version_stage": "AWSCURRENT",
            "version_stages": [
              "AWSCURRENT"
            ]
          }
        }
      ]
    },
    {
      "module": "module.s3",
      "mode": "managed",
      "type": "aws_s3_bucket",
      "name": "my_bucket",
      "provider": "provider[\"registry.terraform.io/hashicorp/aws\"]",
      "instances": [
        {
          "schema_version": 0,
          "attributes": {
            "acceleration_status": "",
            "acl": "private",
            "arn": "arn:aws:s3:::my-i4sens-bucket",
            "bucket": "my-i4sens-bucket",
            "bucket_domain_name": "my-i4sens-bucket.s3.amazonaws.com",
            "bucket_prefix": null,
            "bucket_regional_domain_name": "my-i4sens-bucket.s3.amazonaws.com",
            "cors_rule": [],
            "force_destroy": false,
            "grant": [],
            "hosted_zone_id": "Z3AQBSTGFYJSTF",
            "id": "my-i4sens-bucket",
            "lifecycle_rule": [],
            "logging": [],
            "object_lock_configuration": [],
            "policy": "",
            "region": "us-east-1",
            "replication_configuration": [],
            "request_payer": "BucketOwner",
            "server_side_encryption_configuration": [],
            "tags": {
              "Environment": "Dev",
              "Name": "f532c30c-48f6-1758-0a20-9359bda68120"
            },
            "tags_all": {
              "Environment": "Dev",
              "Name": "f532c30c-48f6-1758-0a20-9359bda68120"
            },
            "versioning": [
              {
                "enabled": false,
                "mfa_delete": false
              }
            ],
            "website": [],
            "website_domain": null,
            "website_endpoint": null
          },
          "private": "bnVsbA==",
          "dependencies": [
            "data.aws_secretsmanager_secret_version.current"
          ]
        }
      ]
    }
  ]
}
